
Microsoft Visual Studio Solution File, Format Version 12.00
# Visual Studio Version 17
VisualStudioVersion = 17.3.32901.215
MinimumVisualStudioVersion = 10.0.40219.1
Project("{9A19103F-16F7-4668-BE54-9A1E7A4F7556}") = "Ex1", "Ex1\Ex1.csproj", "{79969DB9-CF64-4D4D-8E8F-1A5C20110FDE}"
EndProject
Project("{9A19103F-16F7-4668-BE54-9A1E7A4F7556}") = "Ex2", "Ex2\Ex2.csproj", "{DF52F8F8-29FA-485B-B52A-6E9FF61D5CD9}"
EndProject
Project("{9A19103F-16F7-4668-BE54-9A1E7A4F7556}") = "Ex3", "Ex3\Ex3.csproj", "{287FAFEB-A9BA-4099-AABD-4AF47FF96C1B}"
EndProject
Project("{9A19103F-16F7-4668-BE54-9A1E7A4F7556}") = "Ex4", "Ex4\Ex4.csproj", "{349AFAE0-1EA6-410F-B153-2D7D261FA0CA}"
EndProject
Project("{9A19103F-16F7-4668-BE54-9A1E7A4F7556}") = "Ex5", "Ex5\Ex5.csproj", "{9BAEF562-9A47-45EC-87D2-33C23AD521B2}"
EndProject
Project("{9A19103F-16F7-4668-BE54-9A1E7A4F7556}") = "Ex6", "Ex6\Ex6.csproj", "{6E259E3D-FE1D-4D5E-8E9C-550727CE7EBD}"
EndProject
Project("{9A19103F-16F7-4668-BE54-9A1E7A4F7556}") = "Ex7", "Ex7\Ex7.csproj", "{4A359DF4-8420-48AE-B4F0-1EE274E04B30}"
EndProject
Project("{9A19103F-16F7-4668-BE54-9A1E7A4F7556}") = "Ex8", "Ex8\Ex8.csproj", "{7D11580D-2936-4B5B-A32E-50C9A48E8D7B}"
EndProject
Project("{9A19103F-16F7-4668-BE54-9A1E7A4F7556}") = "Ex9", "Ex9\Ex9.csproj", "{C270F54B-4FBF-438D-86FD-B60B06268418}"
EndProject
Project("{9A19103F-16F7-4668-BE54-9A1E7A4F7556}") = "Ex10", "Ex10\Ex10.csproj", "{09F7EDAA-3B63-4920-A49E-544937BF0EEA}"
EndProject
Project("{9A19103F-16F7-4668-BE54-9A1E7A4F7556}") = "Ex11", "Ex11\Ex11.csproj", "{B6986228-8700-47A7-B37C-3FDEB6D2D92C}"
EndProject
Project("{FAE04EC0-301F-11D3-BF4B-00C04F79EFBC}") = "Ex12", "Ex12\Ex12.csproj", "{135C588F-4EF8-4342-BE92-E2D61A6A6B77}"
EndProject
Global
	GlobalSection(SolutionConfigurationPlatforms) = preSolution
		Debug|Any CPU = Debug|Any CPU
		Release|Any CPU = Release|Any CPU
	EndGlobalSection
	GlobalSection(ProjectConfigurationPlatforms) = postSolution
		{79969DB9-CF64-4D4D-8E8F-1A5C20110FDE}.Debug|Any CPU.ActiveCfg = Debug|Any CPU
		{79969DB9-CF64-4D4D-8E8F-1A5C20110FDE}.Debug|Any CPU.Build.0 = Debug|Any CPU
		{79969DB9-CF64-4D4D-8E8F-1A5C20110FDE}.Release|Any CPU.ActiveCfg = Release|Any CPU
		{79969DB9-CF64-4D4D-8E8F-1A5C20110FDE}.Release|Any CPU.Build.0 = Release|Any CPU
		{DF52F8F8-29FA-485B-B52A-6E9FF61D5CD9}.Debug|Any CPU.ActiveCfg = Debug|Any CPU
		{DF52F8F8-29FA-485B-B52A-6E9FF61D5CD9}.Debug|Any CPU.Build.0 = Debug|Any CPU
		{DF52F8F8-29FA-485B-B52A-6E9FF61D5CD9}.Release|Any CPU.ActiveCfg = Release|Any CPU
		{DF52F8F8-29FA-485B-B52A-6E9FF61D5CD9}.Release|Any CPU.Build.0 = Release|Any CPU
		{287FAFEB-A9BA-4099-AABD-4AF47FF96C1B}.Debug|Any CPU.ActiveCfg = Debug|Any CPU
		{287FAFEB-A9BA-4099-AABD-4AF47FF96C1B}.Debug|Any CPU.Build.0 = Debug|Any CPU
		{287FAFEB-A9BA-4099-AABD-4AF47FF96C1B}.Release|Any CPU.ActiveCfg = Release|Any CPU
		{287FAFEB-A9BA-4099-AABD-4AF47FF96C1B}.Release|Any CPU.Build.0 = Release|Any CPU
		{349AFAE0-1EA6-410F-B153-2D7D261FA0CA}.Debug|Any CPU.ActiveCfg = Debug|Any CPU
		{349AFAE0-1EA6-410F-B153-2D7D261FA0CA}.Debug|Any CPU.Build.0 = Debug|Any CPU
		{349AFAE0-1EA6-410F-B153-2D7D261FA0CA}.Release|Any CPU.ActiveCfg = Release|Any CPU
		{349AFAE0-1EA6-410F-B153-2D7D261FA0CA}.Release|Any CPU.Build.0 = Release|Any CPU
		{9BAEF562-9A47-45EC-87D2-33C23AD521B2}.Debug|Any CPU.ActiveCfg = Debug|Any CPU
		{9BAEF562-9A47-45EC-87D2-33C23AD521B2}.Debug|Any CPU.Build.0 = Debug|Any CPU
		{9BAEF562-9A47-45EC-87D2-33C23AD521B2}.Release|Any CPU.ActiveCfg = Release|Any CPU
		{9BAEF562-9A47-45EC-87D2-33C23AD521B2}.Release|Any CPU.Build.0 = Release|Any CPU
		{6E259E3D-FE1D-4D5E-8E9C-550727CE7EBD}.Debug|Any CPU.ActiveCfg = Debug|Any CPU
		{6E259E3D-FE1D-4D5E-8E9C-550727CE7EBD}.Debug|Any CPU.Build.0 = Debug|Any CPU
		{6E259E3D-FE1D-4D5E-8E9C-550727CE7EBD}.Release|Any CPU.ActiveCfg = Release|Any CPU
		{6E259E3D-FE1D-4D5E-8E9C-550727CE7EBD}.Release|Any CPU.Build.0 = Release|Any CPU
		{4A359DF4-8420-48AE-B4F0-1EE274E04B30}.Debug|Any CPU.ActiveCfg = Debug|Any CPU
		{4A359DF4-8420-48AE-B4F0-1EE274E04B30}.Debug|Any CPU.Build.0 = Debug|Any CPU
		{4A359DF4-8420-48AE-B4F0-1EE274E04B30}.Release|Any CPU.ActiveCfg = Release|Any CPU
		{4A359DF4-8420-48AE-B4F0-1EE274E04B30}.Release|Any CPU.Build.0 = Release|Any CPU
		{7D11580D-2936-4B5B-A32E-50C9A48E8D7B}.Debug|Any CPU.ActiveCfg = Debug|Any CPU
		{7D11580D-2936-4B5B-A32E-50C9A48E8D7B}.Debug|Any CPU.Build.0 = Debug|Any CPU
		{7D11580D-2936-4B5B-A32E-50C9A48E8D7B}.Release|Any CPU.ActiveCfg = Release|Any CPU
		{7D11580D-2936-4B5B-A32E-50C9A48E8D7B}.Release|Any CPU.Build.0 = Release|Any CPU
		{C270F54B-4FBF-438D-86FD-B60B06268418}.Debug|Any CPU.ActiveCfg = Debug|Any CPU
		{C270F54B-4FBF-438D-86FD-B60B06268418}.Debug|Any CPU.Build.0 = Debug|Any CPU
		{C270F54B-4FBF-438D-86FD-B60B06268418}.Release|Any CPU.ActiveCfg = Release|Any CPU
		{C270F54B-4FBF-438D-86FD-B60B06268418}.Release|Any CPU.Build.0 = Release|Any CPU
		{09F7EDAA-3B63-4920-A49E-544937BF0EEA}.Debug|Any CPU.ActiveCfg = Debug|Any CPU
		{09F7EDAA-3B63-4920-A49E-544937BF0EEA}.Debug|Any CPU.Build.0 = Debug|Any CPU
		{09F7EDAA-3B63-4920-A49E-544937BF0EEA}.Release|Any CPU.ActiveCfg = Release|Any CPU
		{09F7EDAA-3B63-4920-A49E-544937BF0EEA}.Release|Any CPU.Build.0 = Release|Any CPU
		{B6986228-8700-47A7-B37C-3FDEB6D2D92C}.Debug|Any CPU.ActiveCfg = Debug|Any CPU
		{B6986228-8700-47A7-B37C-3FDEB6D2D92C}.Debug|Any CPU.Build.0 = Debug|Any CPU
		{B6986228-8700-47A7-B37C-3FDEB6D2D92C}.Release|Any CPU.ActiveCfg = Release|Any CPU
		{B6986228-8700-47A7-B37C-3FDEB6D2D92C}.Release|Any CPU.Build.0 = Release|Any CPU
		{135C588F-4EF8-4342-BE92-E2D61A6A6B77}.Debug|Any CPU.ActiveCfg = Debug|Any CPU
		{135C588F-4EF8-4342-BE92-E2D61A6A6B77}.Debug|Any CPU.Build.0 = Debug|Any CPU
		{135C588F-4EF8-4342-BE92-E2D61A6A6B77}.Release|Any CPU.ActiveCfg = Release|Any CPU
		{135C588F-4EF8-4342-BE92-E2D61A6A6B77}.Release|Any CPU.Build.0 = Release|Any CPU
	EndGlobalSection
	GlobalSection(SolutionProperties) = preSolution
		HideSolutionNode = FALSE
	EndGlobalSection
	GlobalSection(ExtensibilityGlobals) = postSolution
		SolutionGuid = {C20C9E1D-E017-40DC-A4B7-CABA17337EE4}
	EndGlobalSection
EndGlobal
